{
  "lockfile_version": "1",
  "packages": {
    "autocorrect@latest": {
      "last_modified": "2025-07-28T17:09:23Z",
      "resolved": "github:NixOS/nixpkgs/648f70160c03151bc2121d179291337ad6bc564b#autocorrect",
      "source": "devbox-search",
      "version": "2.14.1",
      "systems": {
        "aarch64-darwin": {
          "outputs": [
            {
              "name": "out",
              "path": "/nix/store/fswp6lj1z928jm47fb5naagmxa8vgr88-autocorrect-2.14.1",
              "default": true
            }
          ],
          "store_path": "/nix/store/fswp6lj1z928jm47fb5naagmxa8vgr88-autocorrect-2.14.1"
        },
        "aarch64-linux": {
          "outputs": [
            {
              "name": "out",
              "path": "/nix/store/4kvzsbncwh2yk10z3mb13shn9wgmffdq-autocorrect-2.14.1",
              "default": true
            }
          ],
          "store_path": "/nix/store/4kvzsbncwh2yk10z3mb13shn9wgmffdq-autocorrect-2.14.1"
        },
        "x86_64-darwin": {
          "outputs": [
            {
              "name": "out",
              "path": "/nix/store/lly5hsx5c7w6nbqcyzmmaxazar0is3i0-autocorrect-2.14.1",
              "default": true
            }
          ],
          "store_path": "/nix/store/lly5hsx5c7w6nbqcyzmmaxazar0is3i0-autocorrect-2.14.1"
        },
        "x86_64-linux": {
          "outputs": [
            {
              "name": "out",
              "path": "/nix/store/17y56ny17sqclasx625clapg8xjadv11-autocorrect-2.14.1",
              "default": true
            }
          ],
          "store_path": "/nix/store/17y56ny17sqclasx625clapg8xjadv11-autocorrect-2.14.1"
        }
      }
    },
    "github:NixOS/nixpkgs/nixpkgs-unstable": {
      "last_modified": "2025-09-21T09:21:16Z",
      "resolved": "github:NixOS/nixpkgs/a1f79a1770d05af18111fbbe2a3ab2c42c0f6cd0?lastModified=1758446476&narHash=sha256-5rdAi7CTvM%2FkSs6fHe1bREIva5W3TbImsto%2BdxG4mBo%3D"
    },
    "oxipng@latest": {
      "last_modified": "2025-07-28T17:09:23Z",
      "resolved": "github:NixOS/nixpkgs/648f70160c03151bc2121d179291337ad6bc564b#oxipng",
      "source": "devbox-search",
      "version": "9.1.5",
      "systems": {
        "aarch64-darwin": {
          "outputs": [
            {
              "name": "out",
              "path": "/nix/store/dn85jnpb2a68im9vax6ac0dp63958dcn-oxipng-9.1.5",
              "default": true
            }
          ],
          "store_path": "/nix/store/dn85jnpb2a68im9vax6ac0dp63958dcn-oxipng-9.1.5"
        },
        "aarch64-linux": {
          "outputs": [
            {
              "name": "out",
              "path": "/nix/store/1mzv7ysp35s6kksb2b2rsr9qxda4jpnd-oxipng-9.1.5",
              "default": true
            }
          ],
          "store_path": "/nix/store/1mzv7ysp35s6kksb2b2rsr9qxda4jpnd-oxipng-9.1.5"
        },
        "x86_64-darwin": {
          "outputs": [
            {
              "name": "out",
              "path": "/nix/store/iv6isv6ny08i953a8sn25s4iwp0ql6vl-oxipng-9.1.5",
              "default": true
            }
          ],
          "store_path": "/nix/store/iv6isv6ny08i953a8sn25s4iwp0ql6vl-oxipng-9.1.5"
        },
        "x86_64-linux": {
          "outputs": [
            {
              "name": "out",
              "path": "/nix/store/9s7h7i5haffs1r6zia3s4y75niw583jg-oxipng-9.1.5",
              "default": true
            }
          ],
          "store_path": "/nix/store/9s7h7i5haffs1r6zia3s4y75niw583jg-oxipng-9.1.5"
        }
      }
    },
    "pre-commit@latest": {
      "last_modified": "2025-08-11T07:05:29Z",
      "resolved": "github:NixOS/nixpkgs/9585e9192aadc13ec3e49f33f8333bd3cda524df#pre-commit",
      "source": "devbox-search",
      "version": "4.2.0",
      "systems": {
        "aarch64-darwin": {
          "outputs": [
            {
              "name": "out",
              "path": "/nix/store/awyg4wwb7w117sr32zbw453yylzy1sv5-pre-commit-4.2.0",
              "default": true
            },
            {
              "name": "dist",
              "path": "/nix/store/6j8b2k8vcm8ff3fwrwpkxr2q796yqwzl-pre-commit-4.2.0-dist"
            }
          ],
          "store_path": "/nix/store/awyg4wwb7w117sr32zbw453yylzy1sv5-pre-commit-4.2.0"
        },
        "aarch64-linux": {
          "outputs": [
            {
              "name": "out",
              "path": "/nix/store/z7aiyfndjqrzk0igjdzjf2sab137083p-pre-commit-4.2.0",
              "default": true
            },
            {
              "name": "dist",
              "path": "/nix/store/mr9jivn3fc4g4ncb25ij73481ilmba4k-pre-commit-4.2.0-dist"
            }
          ],
          "store_path": "/nix/store/z7aiyfndjqrzk0igjdzjf2sab137083p-pre-commit-4.2.0"
        },
        "x86_64-darwin": {
          "outputs": [
            {
              "name": "out",
              "path": "/nix/store/mx4vjrjzfxsarwkx12ddvn18kvphsds4-pre-commit-4.2.0",
              "default": true
            },
            {
              "name": "dist",
              "path": "/nix/store/hgf3j4hj0ng2xwq71n5a8j02y6zha5gq-pre-commit-4.2.0-dist"
            }
          ],
          "store_path": "/nix/store/mx4vjrjzfxsarwkx12ddvn18kvphsds4-pre-commit-4.2.0"
        },
        "x86_64-linux": {
          "outputs": [
            {
              "name": "out",
              "path": "/nix/store/h9f0ac5z0scz7fp4p8xznw2m04xx45in-pre-commit-4.2.0",
              "default": true
            },
            {
              "name": "dist",
              "path": "/nix/store/k9svwjpac38jf5c1zlxdhvhpk3ljf57r-pre-commit-4.2.0-dist"
            }
          ],
          "store_path": "/nix/store/h9f0ac5z0scz7fp4p8xznw2m04xx45in-pre-commit-4.2.0"
        }
      }
    },
    "uv@latest": {
      "last_modified": "2025-07-28T17:09:23Z",
      "resolved": "github:NixOS/nixpkgs/648f70160c03151bc2121d179291337ad6bc564b#uv",
      "source": "devbox-search",
      "version": "0.8.2",
      "systems": {
        "aarch64-darwin": {
          "outputs": [
            {
              "name": "out",
              "path": "/nix/store/db9y1b002zlnyjgpsnbl9hvlwsiqajl4-uv-0.8.2",
              "default": true
            }
          ],
          "store_path": "/nix/store/db9y1b002zlnyjgpsnbl9hvlwsiqajl4-uv-0.8.2"
        },
        "aarch64-linux": {
          "outputs": [
            {
              "name": "out",
              "path": "/nix/store/bdps6h2gn2rysavc3cq2slqnjlsyyk03-uv-0.8.2",
              "default": true
            }
          ],
          "store_path": "/nix/store/bdps6h2gn2rysavc3cq2slqnjlsyyk03-uv-0.8.2"
        },
        "x86_64-darwin": {
          "outputs": [
            {
              "name": "out",
              "path": "/nix/store/91g6383zq1wbiik2an7g6yfrj294c19v-uv-0.8.2",
              "default": true
            }
          ],
          "store_path": "/nix/store/91g6383zq1wbiik2an7g6yfrj294c19v-uv-0.8.2"
        },
        "x86_64-linux": {
          "outputs": [
            {
              "name": "out",
              "path": "/nix/store/swq8qrr7n5gkc1b4940q62a3ll52prgl-uv-0.8.2",
              "default": true
            }
          ],
          "store_path": "/nix/store/swq8qrr7n5gkc1b4940q62a3ll52prgl-uv-0.8.2"
        }
      }
    }
  }
}
